<Solution>
  <Folder Name="/src/">
    <Project Path="src/VehicleExplorer.Api/VehicleExplorer.Api.csproj" />
    <Project Path="src/VehicleExplorer.Application/VehicleExplorer.Application.csproj" />
    <Project Path="src/VehicleExplorer.Infrastructure/VehicleExplorer.Infrastructure.csproj" />
  </Folder>
  <Folder Name="/tests/">
    <Project Path="tests/VehicleExplorer.Api.IntegrationTests/VehicleExplorer.Api.IntegrationTests.csproj" />
    <Project Path="tests/VehicleExplorer.Application.Tests/VehicleExplorer.Application.Tests.csproj" />
    <Project Path="tests/VehicleExplorer.Infrastructure.IntegrationTests/VehicleExplorer.Infrastructure.IntegrationTests.csproj" />
    <Project Path="tests/VehicleExplorer.Infrastructure.Tests/VehicleExplorer.Infrastructure.Tests.csproj" />
  </Folder>
</Solution>
